
Microsoft Visual Studio Solution File, Format Version 12.00
# Visual Studio Version 17
VisualStudioVersion = 17.5.002.0
MinimumVisualStudioVersion = 10.0.40219.1
Project("{9A19103F-16F7-4668-BE54-9A1E7A4F7556}") = "TodoApi", "TodoApi.csproj", "{EC91F8E5-B44B-4B91-8B39-FF79531D114C}"
EndProject
Global
	GlobalSection(SolutionConfigurationPlatforms) = preSolution
		Debug|Any CPU = Debug|Any CPU
		Release|Any CPU = Release|Any CPU
	EndGlobalSection
	GlobalSection(ProjectConfigurationPlatforms) = postSolution
		{EC91F8E5-B44B-4B91-8B39-FF79531D114C}.Debug|Any CPU.ActiveCfg = Debug|Any CPU
		{EC91F8E5-B44B-4B91-8B39-FF79531D114C}.Debug|Any CPU.Build.0 = Debug|Any CPU
		{EC91F8E5-B44B-4B91-8B39-FF79531D114C}.Release|Any CPU.ActiveCfg = Release|Any CPU
		{EC91F8E5-B44B-4B91-8B39-FF79531D114C}.Release|Any CPU.Build.0 = Release|Any CPU
	EndGlobalSection
	GlobalSection(SolutionProperties) = preSolution
		HideSolutionNode = FALSE
	EndGlobalSection
	GlobalSection(ExtensibilityGlobals) = postSolution
		SolutionGuid = {68EDF478-3BC3-47E7-8FC5-FE5B31A0AC65}
	EndGlobalSection
EndGlobal
